
Microsoft Visual Studio Solution File, Format Version 12.00
# Visual Studio Version 16
VisualStudioVersion = 16.0.31729.503
MinimumVisualStudioVersion = 10.0.40219.1
Project("{FAE04EC0-301F-11D3-BF4B-00C04F79EFBC}") = "ConsoleApp11", "ConsoleApp11\ConsoleApp11.csproj", "{916A9E85-D897-43DF-B76B-BED1C190F7AB}"
EndProject
Global
	GlobalSection(SolutionConfigurationPlatforms) = preSolution
		Debug|Any CPU = Debug|Any CPU
		Release|Any CPU = Release|Any CPU
	EndGlobalSection
	GlobalSection(ProjectConfigurationPlatforms) = postSolution
		{916A9E85-D897-43DF-B76B-BED1C190F7AB}.Debug|Any CPU.ActiveCfg = Debug|Any CPU
		{916A9E85-D897-43DF-B76B-BED1C190F7AB}.Debug|Any CPU.Build.0 = Debug|Any CPU
		{916A9E85-D897-43DF-B76B-BED1C190F7AB}.Release|Any CPU.ActiveCfg = Release|Any CPU
		{916A9E85-D897-43DF-B76B-BED1C190F7AB}.Release|Any CPU.Build.0 = Release|Any CPU
	EndGlobalSection
	GlobalSection(SolutionProperties) = preSolution
		HideSolutionNode = FALSE
	EndGlobalSection
	GlobalSection(ExtensibilityGlobals) = postSolution
		SolutionGuid = {825CAA13-725B-4540-83AB-76E8029FBC22}
	EndGlobalSection
EndGlobal
