
Microsoft Visual Studio Solution File, Format Version 12.00
# Visual Studio Version 16
VisualStudioVersion = 16.0.31729.503
MinimumVisualStudioVersion = 10.0.40219.1
Project("{FAE04EC0-301F-11D3-BF4B-00C04F79EFBC}") = "ConsoleApp1", "ConsoleApp1\ConsoleApp1.csproj", "{1D57C900-BA4C-459A-87F2-CB0E0A8983CF}"
EndProject
Global
	GlobalSection(SolutionConfigurationPlatforms) = preSolution
		Debug|Any CPU = Debug|Any CPU
		Release|Any CPU = Release|Any CPU
	EndGlobalSection
	GlobalSection(ProjectConfigurationPlatforms) = postSolution
		{1D57C900-BA4C-459A-87F2-CB0E0A8983CF}.Debug|Any CPU.ActiveCfg = Debug|Any CPU
		{1D57C900-BA4C-459A-87F2-CB0E0A8983CF}.Debug|Any CPU.Build.0 = Debug|Any CPU
		{1D57C900-BA4C-459A-87F2-CB0E0A8983CF}.Release|Any CPU.ActiveCfg = Release|Any CPU
		{1D57C900-BA4C-459A-87F2-CB0E0A8983CF}.Release|Any CPU.Build.0 = Release|Any CPU
	EndGlobalSection
	GlobalSection(SolutionProperties) = preSolution
		HideSolutionNode = FALSE
	EndGlobalSection
	GlobalSection(ExtensibilityGlobals) = postSolution
		SolutionGuid = {8E7472D6-B648-4F0A-AE2C-073A6BC5BC29}
	EndGlobalSection
EndGlobal
